
Microsoft Visual Studio Solution File, Format Version 12.00
# Visual Studio Version 17
VisualStudioVersion = 17.1.32228.430
MinimumVisualStudioVersion = 10.0.40219.1
Project("{9A19103F-16F7-4668-BE54-9A1E7A4F7556}") = "Worker Node", "Worker Node\Worker Node.csproj", "{799F6E55-EF87-4000-8BC3-75AAC5C60CB4}"
EndProject
Project("{9A19103F-16F7-4668-BE54-9A1E7A4F7556}") = "Worker Node Tests", "Worker NodeTests\Worker Node Tests.csproj", "{1D4CE005-14B0-4978-AD9B-6A1A743A6A28}"
EndProject
Project("{9A19103F-16F7-4668-BE54-9A1E7A4F7556}") = "Main Node", "Main Node\Main Node.csproj", "{7BF1740F-24FC-4F6D-B55E-45A60039C426}"
EndProject
Project("{FAE04EC0-301F-11D3-BF4B-00C04F79EFBC}") = "Main Node Tests", "Main Node Tests\Main Node Tests.csproj", "{1CF8C891-C8FC-4BDA-B64B-F6994DF9F164}"
EndProject
Global
	GlobalSection(SolutionConfigurationPlatforms) = preSolution
		Debug|Any CPU = Debug|Any CPU
		Release|Any CPU = Release|Any CPU
	EndGlobalSection
	GlobalSection(ProjectConfigurationPlatforms) = postSolution
		{799F6E55-EF87-4000-8BC3-75AAC5C60CB4}.Debug|Any CPU.ActiveCfg = Debug|Any CPU
		{799F6E55-EF87-4000-8BC3-75AAC5C60CB4}.Debug|Any CPU.Build.0 = Debug|Any CPU
		{799F6E55-EF87-4000-8BC3-75AAC5C60CB4}.Release|Any CPU.ActiveCfg = Release|Any CPU
		{799F6E55-EF87-4000-8BC3-75AAC5C60CB4}.Release|Any CPU.Build.0 = Release|Any CPU
		{1D4CE005-14B0-4978-AD9B-6A1A743A6A28}.Debug|Any CPU.ActiveCfg = Debug|Any CPU
		{1D4CE005-14B0-4978-AD9B-6A1A743A6A28}.Debug|Any CPU.Build.0 = Debug|Any CPU
		{1D4CE005-14B0-4978-AD9B-6A1A743A6A28}.Release|Any CPU.ActiveCfg = Release|Any CPU
		{1D4CE005-14B0-4978-AD9B-6A1A743A6A28}.Release|Any CPU.Build.0 = Release|Any CPU
		{7BF1740F-24FC-4F6D-B55E-45A60039C426}.Debug|Any CPU.ActiveCfg = Debug|Any CPU
		{7BF1740F-24FC-4F6D-B55E-45A60039C426}.Debug|Any CPU.Build.0 = Debug|Any CPU
		{7BF1740F-24FC-4F6D-B55E-45A60039C426}.Release|Any CPU.ActiveCfg = Release|Any CPU
		{7BF1740F-24FC-4F6D-B55E-45A60039C426}.Release|Any CPU.Build.0 = Release|Any CPU
		{1CF8C891-C8FC-4BDA-B64B-F6994DF9F164}.Debug|Any CPU.ActiveCfg = Debug|Any CPU
		{1CF8C891-C8FC-4BDA-B64B-F6994DF9F164}.Debug|Any CPU.Build.0 = Debug|Any CPU
		{1CF8C891-C8FC-4BDA-B64B-F6994DF9F164}.Release|Any CPU.ActiveCfg = Release|Any CPU
		{1CF8C891-C8FC-4BDA-B64B-F6994DF9F164}.Release|Any CPU.Build.0 = Release|Any CPU
	EndGlobalSection
	GlobalSection(SolutionProperties) = preSolution
		HideSolutionNode = FALSE
	EndGlobalSection
	GlobalSection(ExtensibilityGlobals) = postSolution
		SolutionGuid = {727127CF-348E-42E7-9130-1F5A942F4DCB}
	EndGlobalSection
EndGlobal
